// !$*UTF8*$!
{
	archiveVersion = 1;
	classes = {
	};
	objectVersion = 46;
	objects = {

/* Begin PBXBuildFile section */
		5C0EF81B1F59CBE100CEFF13 /* AppDelegate.swift in Sources */ = {isa = PBXBuildFile; fileRef = 5C0EF81A1F59CBE100CEFF13 /* AppDelegate.swift */; };
		5C0EF81D1F59CBE100CEFF13 /* MainVC.swift in Sources */ = {isa = PBXBuildFile; fileRef = 5C0EF81C1F59CBE100CEFF13 /* MainVC.swift */; };
		5C0EF8201F59CBE100CEFF13 /* Main.storyboard in Resources */ = {isa = PBXBuildFile; fileRef = 5C0EF81E1F59CBE100CEFF13 /* Main.storyboard */; };
		5C0EF8231F59CBE100CEFF13 /* DreamLister_devslopes_.xcdatamodeld in Sources */ = {isa = PBXBuildFile; fileRef = 5C0EF8211F59CBE100CEFF13 /* DreamLister_devslopes_.xcdatamodeld */; };
		5C0EF8251F59CBE100CEFF13 /* Assets.xcassets in Resources */ = {isa = PBXBuildFile; fileRef = 5C0EF8241F59CBE100CEFF13 /* Assets.xcassets */; };
		5C0EF8281F59CBE100CEFF13 /* LaunchScreen.storyboard in Resources */ = {isa = PBXBuildFile; fileRef = 5C0EF8261F59CBE100CEFF13 /* LaunchScreen.storyboard */; };
		5C0EF8491F59DEB900CEFF13 /* Item+CoreDataClass.swift in Sources */ = {isa = PBXBuildFile; fileRef = 5C0EF8411F59DEB900CEFF13 /* Item+CoreDataClass.swift */; };
		5C0EF84A1F59DEB900CEFF13 /* Item+CoreDataProperties.swift in Sources */ = {isa = PBXBuildFile; fileRef = 5C0EF8421F59DEB900CEFF13 /* Item+CoreDataProperties.swift */; };
		5C0EF84B1F59DEB900CEFF13 /* Image+CoreDataClass.swift in Sources */ = {isa = PBXBuildFile; fileRef = 5C0EF8431F59DEB900CEFF13 /* Image+CoreDataClass.swift */; };
		5C0EF84C1F59DEB900CEFF13 /* Image+CoreDataProperties.swift in Sources */ = {isa = PBXBuildFile; fileRef = 5C0EF8441F59DEB900CEFF13 /* Image+CoreDataProperties.swift */; };
		5C0EF84D1F59DEB900CEFF13 /* Store+CoreDataClass.swift in Sources */ = {isa = PBXBuildFile; fileRef = 5C0EF8451F59DEB900CEFF13 /* Store+CoreDataClass.swift */; };
		5C0EF84E1F59DEB900CEFF13 /* Store+CoreDataProperties.swift in Sources */ = {isa = PBXBuildFile; fileRef = 5C0EF8461F59DEB900CEFF13 /* Store+CoreDataProperties.swift */; };
		5C0EF84F1F59DEB900CEFF13 /* ItemType+CoreDataClass.swift in Sources */ = {isa = PBXBuildFile; fileRef = 5C0EF8471F59DEB900CEFF13 /* ItemType+CoreDataClass.swift */; };
		5C0EF8501F59DEB900CEFF13 /* ItemType+CoreDataProperties.swift in Sources */ = {isa = PBXBuildFile; fileRef = 5C0EF8481F59DEB900CEFF13 /* ItemType+CoreDataProperties.swift */; };
		5C0EF8551F59ECAE00CEFF13 /* MaterialView.swift in Sources */ = {isa = PBXBuildFile; fileRef = 5C0EF8541F59ECAE00CEFF13 /* MaterialView.swift */; };
		5C0EF8571F59F7A000CEFF13 /* audiRS3.jpg in Resources */ = {isa = PBXBuildFile; fileRef = 5C0EF8561F59F7A000CEFF13 /* audiRS3.jpg */; };
		5C19A2EE1F65382100882A03 /* ItemDetailViewController.swift in Sources */ = {isa = PBXBuildFile; fileRef = 5C19A2ED1F65382100882A03 /* ItemDetailViewController.swift */; };
		5C19A2F01F653B9800882A03 /* CustomTextField.swift in Sources */ = {isa = PBXBuildFile; fileRef = 5C19A2EF1F653B9800882A03 /* CustomTextField.swift */; };
		5C42F1351F61451100237F66 /* ItemCell.swift in Sources */ = {isa = PBXBuildFile; fileRef = 5C42F1341F61451100237F66 /* ItemCell.swift */; };
/* End PBXBuildFile section */

/* Begin PBXFileReference section */
		5C0EF8171F59CBE100CEFF13 /* DreamLister(devslopes).app */ = {isa = PBXFileReference; explicitFileType = wrapper.application; includeInIndex = 0; path = "DreamLister(devslopes).app"; sourceTree = BUILT_PRODUCTS_DIR; };
		5C0EF81A1F59CBE100CEFF13 /* AppDelegate.swift */ = {isa = PBXFileReference; lastKnownFileType = sourcecode.swift; path = AppDelegate.swift; sourceTree = "<group>"; };
		5C0EF81C1F59CBE100CEFF13 /* MainVC.swift */ = {isa = PBXFileReference; lastKnownFileType = sourcecode.swift; name = MainVC.swift; path = "DreamLister(devslopes)/MainVC.swift"; sourceTree = "<group>"; };
		5C0EF81F1F59CBE100CEFF13 /* Base */ = {isa = PBXFileReference; lastKnownFileType = file.storyboard; name = Base; path = Base.lproj/Main.storyboard; sourceTree = "<group>"; };
		5C0EF8221F59CBE100CEFF13 /* DreamLister_devslopes_.xcdatamodel */ = {isa = PBXFileReference; lastKnownFileType = wrapper.xcdatamodel; path = DreamLister_devslopes_.xcdatamodel; sourceTree = "<group>"; };
		5C0EF8241F59CBE100CEFF13 /* Assets.xcassets */ = {isa = PBXFileReference; lastKnownFileType = folder.assetcatalog; path = Assets.xcassets; sourceTree = "<group>"; };
		5C0EF8271F59CBE100CEFF13 /* Base */ = {isa = PBXFileReference; lastKnownFileType = file.storyboard; name = Base; path = Base.lproj/LaunchScreen.storyboard; sourceTree = "<group>"; };
		5C0EF8291F59CBE100CEFF13 /* Info.plist */ = {isa = PBXFileReference; lastKnownFileType = text.plist.xml; path = Info.plist; sourceTree = "<group>"; };
		5C0EF8411F59DEB900CEFF13 /* Item+CoreDataClass.swift */ = {isa = PBXFileReference; fileEncoding = 4; lastKnownFileType = sourcecode.swift; path = "Item+CoreDataClass.swift"; sourceTree = "<group>"; };
		5C0EF8421F59DEB900CEFF13 /* Item+CoreDataProperties.swift */ = {isa = PBXFileReference; fileEncoding = 4; lastKnownFileType = sourcecode.swift; path = "Item+CoreDataProperties.swift"; sourceTree = "<group>"; };
		5C0EF8431F59DEB900CEFF13 /* Image+CoreDataClass.swift */ = {isa = PBXFileReference; fileEncoding = 4; lastKnownFileType = sourcecode.swift; path = "Image+CoreDataClass.swift"; sourceTree = "<group>"; };
		5C0EF8441F59DEB900CEFF13 /* Image+CoreDataProperties.swift */ = {isa = PBXFileReference; fileEncoding = 4; lastKnownFileType = sourcecode.swift; path = "Image+CoreDataProperties.swift"; sourceTree = "<group>"; };
		5C0EF8451F59DEB900CEFF13 /* Store+CoreDataClass.swift */ = {isa = PBXFileReference; fileEncoding = 4; lastKnownFileType = sourcecode.swift; path = "Store+CoreDataClass.swift"; sourceTree = "<group>"; };
		5C0EF8461F59DEB900CEFF13 /* Store+CoreDataProperties.swift */ = {isa = PBXFileReference; fileEncoding = 4; lastKnownFileType = sourcecode.swift; path = "Store+CoreDataProperties.swift"; sourceTree = "<group>"; };
		5C0EF8471F59DEB900CEFF13 /* ItemType+CoreDataClass.swift */ = {isa = PBXFileReference; fileEncoding = 4; lastKnownFileType = sourcecode.swift; path = "ItemType+CoreDataClass.swift"; sourceTree = "<group>"; };
		5C0EF8481F59DEB900CEFF13 /* ItemType+CoreDataProperties.swift */ = {isa = PBXFileReference; fileEncoding = 4; lastKnownFileType = sourcecode.swift; path = "ItemType+CoreDataProperties.swift"; sourceTree = "<group>"; };
		5C0EF8541F59ECAE00CEFF13 /* MaterialView.swift */ = {isa = PBXFileReference; fileEncoding = 4; lastKnownFileType = sourcecode.swift; path = MaterialView.swift; sourceTree = "<group>"; };
		5C0EF8561F59F7A000CEFF13 /* audiRS3.jpg */ = {isa = PBXFileReference; lastKnownFileType = image.jpeg; path = audiRS3.jpg; sourceTree = "<group>"; };
		5C19A2ED1F65382100882A03 /* ItemDetailViewController.swift */ = {isa = PBXFileReference; fileEncoding = 4; lastKnownFileType = sourcecode.swift; path = ItemDetailViewController.swift; sourceTree = "<group>"; };
		5C19A2EF1F653B9800882A03 /* CustomTextField.swift */ = {isa = PBXFileReference; fileEncoding = 4; lastKnownFileType = sourcecode.swift; path = CustomTextField.swift; sourceTree = "<group>"; };
		5C42F1341F61451100237F66 /* ItemCell.swift */ = {isa = PBXFileReference; fileEncoding = 4; lastKnownFileType = sourcecode.swift; path = ItemCell.swift; sourceTree = "<group>"; };
/* End PBXFileReference section */

/* Begin PBXFrameworksBuildPhase section */
		5C0EF8141F59CBE100CEFF13 /* Frameworks */ = {
			isa = PBXFrameworksBuildPhase;
			buildActionMask = 2147483647;
			files = (
			);
			runOnlyForDeploymentPostprocessing = 0;
		};
/* End PBXFrameworksBuildPhase section */

/* Begin PBXGroup section */
		5C0EF80E1F59CBE100CEFF13 = {
			isa = PBXGroup;
			children = (
				5C0EF8191F59CBE100CEFF13 /* DreamLister(devslopes) */,
				5C0EF8181F59CBE100CEFF13 /* Products */,
			);
			sourceTree = "<group>";
		};
		5C0EF8181F59CBE100CEFF13 /* Products */ = {
			isa = PBXGroup;
			children = (
				5C0EF8171F59CBE100CEFF13 /* DreamLister(devslopes).app */,
			);
			name = Products;
			sourceTree = "<group>";
		};
		5C0EF8191F59CBE100CEFF13 /* DreamLister(devslopes) */ = {
			isa = PBXGroup;
			children = (
				5C0EF8521F59DF0D00CEFF13 /* Module */,
				5C19A2EA1F6537E600882A03 /* Controller */,
				5C0EF8531F59EC5200CEFF13 /* View */,
				5C0EF81A1F59CBE100CEFF13 /* AppDelegate.swift */,
				5C0EF81E1F59CBE100CEFF13 /* Main.storyboard */,
				5C0EF8241F59CBE100CEFF13 /* Assets.xcassets */,
				5C0EF8261F59CBE100CEFF13 /* LaunchScreen.storyboard */,
				5C0EF8291F59CBE100CEFF13 /* Info.plist */,
				5C0EF8211F59CBE100CEFF13 /* DreamLister_devslopes_.xcdatamodeld */,
				5C0EF8561F59F7A000CEFF13 /* audiRS3.jpg */,
			);
			path = "DreamLister(devslopes)";
			sourceTree = "<group>";
		};
		5C0EF8511F59DEFA00CEFF13 /* Generated */ = {
			isa = PBXGroup;
			children = (
				5C0EF8421F59DEB900CEFF13 /* Item+CoreDataProperties.swift */,
				5C0EF8441F59DEB900CEFF13 /* Image+CoreDataProperties.swift */,
				5C0EF8461F59DEB900CEFF13 /* Store+CoreDataProperties.swift */,
				5C0EF8481F59DEB900CEFF13 /* ItemType+CoreDataProperties.swift */,
			);
			name = Generated;
			sourceTree = "<group>";
		};
		5C0EF8521F59DF0D00CEFF13 /* Module */ = {
			isa = PBXGroup;
			children = (
				5C0EF8411F59DEB900CEFF13 /* Item+CoreDataClass.swift */,
				5C0EF8431F59DEB900CEFF13 /* Image+CoreDataClass.swift */,
				5C0EF8451F59DEB900CEFF13 /* Store+CoreDataClass.swift */,
				5C0EF8471F59DEB900CEFF13 /* ItemType+CoreDataClass.swift */,
				5C0EF8511F59DEFA00CEFF13 /* Generated */,
			);
			name = Module;
			path = ..;
			sourceTree = "<group>";
		};
		5C0EF8531F59EC5200CEFF13 /* View */ = {
			isa = PBXGroup;
			children = (
				5C0EF8541F59ECAE00CEFF13 /* MaterialView.swift */,
				5C42F1341F61451100237F66 /* ItemCell.swift */,
				5C19A2EF1F653B9800882A03 /* CustomTextField.swift */,
			);
			name = View;
			path = ..;
			sourceTree = "<group>";
		};
		5C19A2EA1F6537E600882A03 /* Controller */ = {
			isa = PBXGroup;
			children = (
				5C0EF81C1F59CBE100CEFF13 /* MainVC.swift */,
				5C19A2ED1F65382100882A03 /* ItemDetailViewController.swift */,
			);
			name = Controller;
			path = ..;
			sourceTree = "<group>";
		};
/* End PBXGroup section */

/* Begin PBXNativeTarget section */
		5C0EF8161F59CBE100CEFF13 /* DreamLister(devslopes) */ = {
			isa = PBXNativeTarget;
			buildConfigurationList = 5C0EF82C1F59CBE100CEFF13 /* Build configuration list for PBXNativeTarget "DreamLister(devslopes)" */;
			buildPhases = (
				5C0EF8131F59CBE100CEFF13 /* Sources */,
				5C0EF8141F59CBE100CEFF13 /* Frameworks */,
				5C0EF8151F59CBE100CEFF13 /* Resources */,
			);
			buildRules = (
			);
			dependencies = (
			);
			name = "DreamLister(devslopes)";
			productName = "DreamLister(devslopes)";
			productReference = 5C0EF8171F59CBE100CEFF13 /* DreamLister(devslopes).app */;
			productType = "com.apple.product-type.application";
		};
/* End PBXNativeTarget section */

/* Begin PBXProject section */
		5C0EF80F1F59CBE100CEFF13 /* Project object */ = {
			isa = PBXProject;
			attributes = {
				LastSwiftUpdateCheck = 0830;
				LastUpgradeCheck = 0900;
				ORGANIZATIONNAME = "Boiko Artem";
				TargetAttributes = {
					5C0EF8161F59CBE100CEFF13 = {
						CreatedOnToolsVersion = 8.3.3;
						DevelopmentTeam = 8Y37MY59MY;
						LastSwiftMigration = 0900;
						ProvisioningStyle = Automatic;
					};
				};
			};
			buildConfigurationList = 5C0EF8121F59CBE100CEFF13 /* Build configuration list for PBXProject "DreamLister(devslopes)" */;
			compatibilityVersion = "Xcode 3.2";
			developmentRegion = English;
			hasScannedForEncodings = 0;
			knownRegions = (
				en,
				Base,
			);
			mainGroup = 5C0EF80E1F59CBE100CEFF13;
			productRefGroup = 5C0EF8181F59CBE100CEFF13 /* Products */;
			projectDirPath = "";
			projectRoot = "";
			targets = (
				5C0EF8161F59CBE100CEFF13 /* DreamLister(devslopes) */,
			);
		};
/* End PBXProject section */

/* Begin PBXResourcesBuildPhase section */
		5C0EF8151F59CBE100CEFF13 /* Resources */ = {
			isa = PBXResourcesBuildPhase;
			buildActionMask = 2147483647;
			files = (
				5C0EF8281F59CBE100CEFF13 /* LaunchScreen.storyboard in Resources */,
				5C0EF8251F59CBE100CEFF13 /* Assets.xcassets in Resources */,
				5C0EF8571F59F7A000CEFF13 /* audiRS3.jpg in Resources */,
				5C0EF8201F59CBE100CEFF13 /* Main.storyboard in Resources */,
			);
			runOnlyForDeploymentPostprocessing = 0;
		};
/* End PBXResourcesBuildPhase section */

/* Begin PBXSourcesBuildPhase section */
		5C0EF8131F59CBE100CEFF13 /* Sources */ = {
			isa = PBXSourcesBuildPhase;
			buildActionMask = 2147483647;
			files = (
				5C42F1351F61451100237F66 /* ItemCell.swift in Sources */,
				5C0EF8231F59CBE100CEFF13 /* DreamLister_devslopes_.xcdatamodeld in Sources */,
				5C0EF84D1F59DEB900CEFF13 /* Store+CoreDataClass.swift in Sources */,
				5C0EF84F1F59DEB900CEFF13 /* ItemType+CoreDataClass.swift in Sources */,
				5C0EF8551F59ECAE00CEFF13 /* MaterialView.swift in Sources */,
				5C0EF84A1F59DEB900CEFF13 /* Item+CoreDataProperties.swift in Sources */,
				5C0EF8501F59DEB900CEFF13 /* ItemType+CoreDataProperties.swift in Sources */,
				5C0EF84E1F59DEB900CEFF13 /* Store+CoreDataProperties.swift in Sources */,
				5C19A2EE1F65382100882A03 /* ItemDetailViewController.swift in Sources */,
				5C0EF84C1F59DEB900CEFF13 /* Image+CoreDataProperties.swift in Sources */,
				5C0EF81D1F59CBE100CEFF13 /* MainVC.swift in Sources */,
				5C0EF8491F59DEB900CEFF13 /* Item+CoreDataClass.swift in Sources */,
				5C0EF81B1F59CBE100CEFF13 /* AppDelegate.swift in Sources */,
				5C0EF84B1F59DEB900CEFF13 /* Image+CoreDataClass.swift in Sources */,
				5C19A2F01F653B9800882A03 /* CustomTextField.swift in Sources */,
			);
			runOnlyForDeploymentPostprocessing = 0;
		};
/* End PBXSourcesBuildPhase section */

/* Begin PBXVariantGroup section */
		5C0EF81E1F59CBE100CEFF13 /* Main.storyboard */ = {
			isa = PBXVariantGroup;
			children = (
				5C0EF81F1F59CBE100CEFF13 /* Base */,
			);
			name = Main.storyboard;
			sourceTree = "<group>";
		};
		5C0EF8261F59CBE100CEFF13 /* LaunchScreen.storyboard */ = {
			isa = PBXVariantGroup;
			children = (
				5C0EF8271F59CBE100CEFF13 /* Base */,
			);
			name = LaunchScreen.storyboard;
			sourceTree = "<group>";
		};
/* End PBXVariantGroup section */

/* Begin XCBuildConfiguration section */
		5C0EF82A1F59CBE100CEFF13 /* Debug */ = {
			isa = XCBuildConfiguration;
			buildSettings = {
				ALWAYS_SEARCH_USER_PATHS = NO;
				CLANG_ANALYZER_NONNULL = YES;
				CLANG_ANALYZER_NUMBER_OBJECT_CONVERSION = YES_AGGRESSIVE;
				CLANG_CXX_LANGUAGE_STANDARD = "gnu++0x";
				CLANG_CXX_LIBRARY = "libc++";
				CLANG_ENABLE_MODULES = YES;
				CLANG_ENABLE_OBJC_ARC = YES;
				CLANG_WARN_BLOCK_CAPTURE_AUTORELEASING = YES;
				CLANG_WARN_BOOL_CONVERSION = YES;
				CLANG_WARN_COMMA = YES;
				CLANG_WARN_CONSTANT_CONVERSION = YES;
				CLANG_WARN_DIRECT_OBJC_ISA_USAGE = YES_ERROR;
				CLANG_WARN_DOCUMENTATION_COMMENTS = YES;
				CLANG_WARN_EMPTY_BODY = YES;
				CLANG_WARN_ENUM_CONVERSION = YES;
				CLANG_WARN_INFINITE_RECURSION = YES;
				CLANG_WARN_INT_CONVERSION = YES;
				CLANG_WARN_NON_LITERAL_NULL_CONVERSION = YES;
				CLANG_WARN_OBJC_LITERAL_CONVERSION = YES;
				CLANG_WARN_OBJC_ROOT_CLASS = YES_ERROR;
				CLANG_WARN_RANGE_LOOP_ANALYSIS = YES;
				CLANG_WARN_STRICT_PROTOTYPES = YES;
				CLANG_WARN_SUSPICIOUS_MOVE = YES;
				CLANG_WARN_UNREACHABLE_CODE = YES;
				CLANG_WARN__DUPLICATE_METHOD_MATCH = YES;
				"CODE_SIGN_IDENTITY[sdk=iphoneos*]" = "iPhone Developer";
				COPY_PHASE_STRIP = NO;
				DEBUG_INFORMATION_FORMAT = dwarf;
				ENABLE_STRICT_OBJC_MSGSEND = YES;
				ENABLE_TESTABILITY = YES;
				GCC_C_LANGUAGE_STANDARD = gnu99;
				GCC_DYNAMIC_NO_PIC = NO;
				GCC_NO_COMMON_BLOCKS = YES;
				GCC_OPTIMIZATION_LEVEL = 0;
				GCC_PREPROCESSOR_DEFINITIONS = (
					"DEBUG=1",
					"$(inherited)",
				);
				GCC_WARN_64_TO_32_BIT_CONVERSION = YES;
				GCC_WARN_ABOUT_RETURN_TYPE = YES_ERROR;
				GCC_WARN_UNDECLARED_SELECTOR = YES;
				GCC_WARN_UNINITIALIZED_AUTOS = YES_AGGRESSIVE;
				GCC_WARN_UNUSED_FUNCTION = YES;
				GCC_WARN_UNUSED_VARIABLE = YES;
				IPHONEOS_DEPLOYMENT_TARGET = 10.3;
				MTL_ENABLE_DEBUG_INFO = YES;
				ONLY_ACTIVE_ARCH = YES;
				SDKROOT = iphoneos;
				SWIFT_ACTIVE_COMPILATION_CONDITIONS = DEBUG;
				SWIFT_OPTIMIZATION_LEVEL = "-Onone";
				TARGETED_DEVICE_FAMILY = "1,2";
			};
			name = Debug;
		};
		5C0EF82B1F59CBE100CEFF13 /* Release */ = {
			isa = XCBuildConfiguration;
			buildSettings = {
				ALWAYS_SEARCH_USER_PATHS = NO;
				CLANG_ANALYZER_NONNULL = YES;
				CLANG_ANALYZER_NUMBER_OBJECT_CONVERSION = YES_AGGRESSIVE;
				CLANG_CXX_LANGUAGE_STANDARD = "gnu++0x";
				CLANG_CXX_LIBRARY = "libc++";
				CLANG_ENABLE_MODULES = YES;
				CLANG_ENABLE_OBJC_ARC = YES;
				CLANG_WARN_BLOCK_CAPTURE_AUTORELEASING = YES;
				CLANG_WARN_BOOL_CONVERSION = YES;
				CLANG_WARN_COMMA = YES;
				CLANG_WARN_CONSTANT_CONVERSION = YES;
				CLANG_WARN_DIRECT_OBJC_ISA_USAGE = YES_ERROR;
				CLANG_WARN_DOCUMENTATION_COMMENTS = YES;
				CLANG_WARN_EMPTY_BODY = YES;
				CLANG_WARN_ENUM_CONVERSION = YES;
				CLANG_WARN_INFINITE_RECURSION = YES;
				CLANG_WARN_INT_CONVERSION = YES;
				CLANG_WARN_NON_LITERAL_NULL_CONVERSION = YES;
				CLANG_WARN_OBJC_LITERAL_CONVERSION = YES;
				CLANG_WARN_OBJC_ROOT_CLASS = YES_ERROR;
				CLANG_WARN_RANGE_LOOP_ANALYSIS = YES;
				CLANG_WARN_STRICT_PROTOTYPES = YES;
				CLANG_WARN_SUSPICIOUS_MOVE = YES;
				CLANG_WARN_UNREACHABLE_CODE = YES;
				CLANG_WARN__DUPLICATE_METHOD_MATCH = YES;
				"CODE_SIGN_IDENTITY[sdk=iphoneos*]" = "iPhone Developer";
				COPY_PHASE_STRIP = NO;
				DEBUG_INFORMATION_FORMAT = "dwarf-with-dsym";
				ENABLE_NS_ASSERTIONS = NO;
				ENABLE_STRICT_OBJC_MSGSEND = YES;
				GCC_C_LANGUAGE_STANDARD = gnu99;
				GCC_NO_COMMON_BLOCKS = YES;
				GCC_WARN_64_TO_32_BIT_CONVERSION = YES;
				GCC_WARN_ABOUT_RETURN_TYPE = YES_ERROR;
				GCC_WARN_UNDECLARED_SELECTOR = YES;
				GCC_WARN_UNINITIALIZED_AUTOS = YES_AGGRESSIVE;
				GCC_WARN_UNUSED_FUNCTION = YES;
				GCC_WARN_UNUSED_VARIABLE = YES;
				IPHONEOS_DEPLOYMENT_TARGET = 10.3;
				MTL_ENABLE_DEBUG_INFO = NO;
				SDKROOT = iphoneos;
				SWIFT_OPTIMIZATION_LEVEL = "-Owholemodule";
				TARGETED_DEVICE_FAMILY = "1,2";
				VALIDATE_PRODUCT = YES;
			};
			name = Release;
		};
		5C0EF82D1F59CBE100CEFF13 /* Debug */ = {
			isa = XCBuildConfiguration;
			buildSettings = {
				ASSETCATALOG_COMPILER_APPICON_NAME = AppIcon;
				DEVELOPMENT_TEAM = 8Y37MY59MY;
				INFOPLIST_FILE = "DreamLister(devslopes)/Info.plist";
				LD_RUNPATH_SEARCH_PATHS = "$(inherited) @executable_path/Frameworks";
				PRODUCT_BUNDLE_IDENTIFIER = "BA.DreamLister-devslopes-";
				PRODUCT_NAME = "$(TARGET_NAME)";
				SWIFT_SWIFT3_OBJC_INFERENCE = On;
				SWIFT_VERSION = 4.0;
			};
			name = Debug;
		};
		5C0EF82E1F59CBE100CEFF13 /* Release */ = {
			isa = XCBuildConfiguration;
			buildSettings = {
				ASSETCATALOG_COMPILER_APPICON_NAME = AppIcon;
				DEVELOPMENT_TEAM = 8Y37MY59MY;
				INFOPLIST_FILE = "DreamLister(devslopes)/Info.plist";
				LD_RUNPATH_SEARCH_PATHS = "$(inherited) @executable_path/Frameworks";
				PRODUCT_BUNDLE_IDENTIFIER = "BA.DreamLister-devslopes-";
				PRODUCT_NAME = "$(TARGET_NAME)";
				SWIFT_SWIFT3_OBJC_INFERENCE = On;
				SWIFT_VERSION = 4.0;
			};
			name = Release;
		};
/* End XCBuildConfiguration section */

/* Begin XCConfigurationList section */
		5C0EF8121F59CBE100CEFF13 /* Build configuration list for PBXProject "DreamLister(devslopes)" */ = {
			isa = XCConfigurationList;
			buildConfigurations = (
				5C0EF82A1F59CBE100CEFF13 /* Debug */,
				5C0EF82B1F59CBE100CEFF13 /* Release */,
			);
			defaultConfigurationIsVisible = 0;
			defaultConfigurationName = Release;
		};
		5C0EF82C1F59CBE100CEFF13 /* Build configuration list for PBXNativeTarget "DreamLister(devslopes)" */ = {
			isa = XCConfigurationList;
			buildConfigurations = (
				5C0EF82D1F59CBE100CEFF13 /* Debug */,
				5C0EF82E1F59CBE100CEFF13 /* Release */,
			);
			defaultConfigurationIsVisible = 0;
			defaultConfigurationName = Release;
		};
/* End XCConfigurationList section */

/* Begin XCVersionGroup section */
		5C0EF8211F59CBE100CEFF13 /* DreamLister_devslopes_.xcdatamodeld */ = {
			isa = XCVersionGroup;
			children = (
				5C0EF8221F59CBE100CEFF13 /* DreamLister_devslopes_.xcdatamodel */,
			);
			currentVersion = 5C0EF8221F59CBE100CEFF13 /* DreamLister_devslopes_.xcdatamodel */;
			path = DreamLister_devslopes_.xcdatamodeld;
			sourceTree = "<group>";
			versionGroupType = wrapper.xcdatamodel;
		};
/* End XCVersionGroup section */
	};
	rootObject = 5C0EF80F1F59CBE100CEFF13 /* Project object */;
}
